
Microsoft Visual Studio Solution File, Format Version 12.00
# Visual Studio Version 16
VisualStudioVersion = 16.0.31702.278
MinimumVisualStudioVersion = 10.0.40219.1
Project("{FAE04EC0-301F-11D3-BF4B-00C04F79EFBC}") = "задание 1", "задание 1.csproj", "{47F29FB6-D779-425B-BC28-C445041E89FD}"
EndProject
Global
	GlobalSection(SolutionConfigurationPlatforms) = preSolution
		Debug|Any CPU = Debug|Any CPU
		Release|Any CPU = Release|Any CPU
	EndGlobalSection
	GlobalSection(ProjectConfigurationPlatforms) = postSolution
		{47F29FB6-D779-425B-BC28-C445041E89FD}.Debug|Any CPU.ActiveCfg = Debug|Any CPU
		{47F29FB6-D779-425B-BC28-C445041E89FD}.Debug|Any CPU.Build.0 = Debug|Any CPU
		{47F29FB6-D779-425B-BC28-C445041E89FD}.Release|Any CPU.ActiveCfg = Release|Any CPU
		{47F29FB6-D779-425B-BC28-C445041E89FD}.Release|Any CPU.Build.0 = Release|Any CPU
	EndGlobalSection
	GlobalSection(SolutionProperties) = preSolution
		HideSolutionNode = FALSE
	EndGlobalSection
	GlobalSection(ExtensibilityGlobals) = postSolution
		SolutionGuid = {6E46E91B-E057-4819-891B-189FAFDF0979}
	EndGlobalSection
EndGlobal
